// !$*UTF8*$!
{
	archiveVersion = 1;
	classes = {
	};
	objectVersion = 54;
	objects = {

/* Begin PBXBuildFile section */
		00E356F31AD99517003FC87E /* yumyarnTests.m in Sources */ = {isa = PBXBuildFile; fileRef = 00E356F21AD99517003FC87E /* yumyarnTests.m */; };
		0C80B921A6F3F58F76C31292 /* libPods-yumyarn.a in Frameworks */ = {isa = PBXBuildFile; fileRef = 5DCACB8F33CDC322A6C60F78 /* libPods-yumyarn.a */; };
		13B07FBC1A68108700A75B9A /* AppDelegate.mm in Sources */ = {isa = PBXBuildFile; fileRef = 13B07FB01A68108700A75B9A /* AppDelegate.mm */; };
		13B07FBF1A68108700A75B9A /* Images.xcassets in Resources */ = {isa = PBXBuildFile; fileRef = 13B07FB51A68108700A75B9A /* Images.xcassets */; };
		13B07FC11A68108700A75B9A /* main.m in Sources */ = {isa = PBXBuildFile; fileRef = 13B07FB71A68108700A75B9A /* main.m */; };
		7699B88040F8A987B510C191 /* libPods-yumyarn-yumyarnTests.a in Frameworks */ = {isa = PBXBuildFile; fileRef = 19F6CBCC0A4E27FBF8BF4A61 /* libPods-yumyarn-yumyarnTests.a */; };
		81AB9BB82411601600AC10FF /* LaunchScreen.storyboard in Resources */ = {isa = PBXBuildFile; fileRef = 81AB9BB72411601600AC10FF /* LaunchScreen.storyboard */; };
		14523C0519CE48BC9D28B13D /* Anton-Regular.ttf in Resources */ = {isa = PBXBuildFile; fileRef = C94A20CE183D47D1BF5F410F /* Anton-Regular.ttf */; };
		96A749160A1B403FAD455D43 /* BungeeInline-Regular.ttf in Resources */ = {isa = PBXBuildFile; fileRef = EABC8F605A4B4D14BA0E44F7 /* BungeeInline-Regular.ttf */; };
		CA573B6A9CF54106A9E319F8 /* Signika-Bold.ttf in Resources */ = {isa = PBXBuildFile; fileRef = B70BFB0D7C6F4269B96CD57B /* Signika-Bold.ttf */; };
		E187D0DB01224C2FB40572CC /* Signika-Light.ttf in Resources */ = {isa = PBXBuildFile; fileRef = E806589E41CF4353832B6462 /* Signika-Light.ttf */; };
		7668D905DF564CFD89CCEFCB /* Signika-Medium.ttf in Resources */ = {isa = PBXBuildFile; fileRef = 369C4CA3C90A4D57BC9232C2 /* Signika-Medium.ttf */; };
		BEF28C13CE2448B1BB68ADFC /* Signika-Regular.ttf in Resources */ = {isa = PBXBuildFile; fileRef = 2465578084A34C0A98FD87B2 /* Signika-Regular.ttf */; };
		71550B21494A4B1880A29367 /* Signika-SemiBold.ttf in Resources */ = {isa = PBXBuildFile; fileRef = 6098123006AA478095948939 /* Signika-SemiBold.ttf */; };
		7B5E236928854A6299CABAC6 /* Inter-Black.ttf in Resources */ = {isa = PBXBuildFile; fileRef = 714BC62ECE4749989EB20A8A /* Inter-Black.ttf */; };
		599E7085B5D5450A8293FA3D /* Inter-BlackItalic.ttf in Resources */ = {isa = PBXBuildFile; fileRef = F05A2164D62543E09BE93D25 /* Inter-BlackItalic.ttf */; };
		E49908DB398549B3BF14E114 /* Inter-Bold.ttf in Resources */ = {isa = PBXBuildFile; fileRef = D5A18096FADD479F8F001856 /* Inter-Bold.ttf */; };
		E80E309263494F3385686B3E /* Inter-BoldItalic.ttf in Resources */ = {isa = PBXBuildFile; fileRef = 9B5F810B0F8C4AFFBCADEA3B /* Inter-BoldItalic.ttf */; };
		DFC12485E1EF4FF3BC42684C /* Inter-ExtraBold.ttf in Resources */ = {isa = PBXBuildFile; fileRef = E16FD0575981455AA9645E50 /* Inter-ExtraBold.ttf */; };
		27686595E5D64259877184FD /* Inter-ExtraBoldItalic.ttf in Resources */ = {isa = PBXBuildFile; fileRef = 029DC79CBF7C4BBABBFD24DF /* Inter-ExtraBoldItalic.ttf */; };
		BE7A88E11E3D4A069383038E /* Inter-ExtraLight.ttf in Resources */ = {isa = PBXBuildFile; fileRef = 09C3DA040D8E4D38ADF1A900 /* Inter-ExtraLight.ttf */; };
		6340854E1F394078B8C42D9E /* Inter-ExtraLightItalic.ttf in Resources */ = {isa = PBXBuildFile; fileRef = C506681F35A24B90A09BAFFB /* Inter-ExtraLightItalic.ttf */; };
		DAB0172E99954226A37F1FDA /* Inter-Italic.ttf in Resources */ = {isa = PBXBuildFile; fileRef = F1F783A6B5E0430A97C5C6A1 /* Inter-Italic.ttf */; };
		5FD7CD321FDF425BB940A485 /* Inter-Light.ttf in Resources */ = {isa = PBXBuildFile; fileRef = F088F5BCC37C42D9A1EC3B86 /* Inter-Light.ttf */; };
		16C86E5DE4584E6EAA279EA2 /* Inter-LightItalic.ttf in Resources */ = {isa = PBXBuildFile; fileRef = C051A616D9F849459B17D324 /* Inter-LightItalic.ttf */; };
		D7C869A25F404F498CCE42F3 /* Inter-Medium.ttf in Resources */ = {isa = PBXBuildFile; fileRef = 53B3AA6C13CA4D728F9576F7 /* Inter-Medium.ttf */; };
		DEEA7D0482954B2D8F50D3D3 /* Inter-MediumItalic.ttf in Resources */ = {isa = PBXBuildFile; fileRef = D774BFC889234D128EECAC41 /* Inter-MediumItalic.ttf */; };
		B41D602EDAB64D438CF6DAD2 /* Inter-Regular.ttf in Resources */ = {isa = PBXBuildFile; fileRef = A942007D6A67495B84AB8334 /* Inter-Regular.ttf */; };
		25F2F2C3DCFE450B81E5E8FB /* Inter-SemiBold.ttf in Resources */ = {isa = PBXBuildFile; fileRef = C675C8E5F93E4EE19BDA5594 /* Inter-SemiBold.ttf */; };
		0D624FF6A6E5437FBC6EB3D8 /* Inter-SemiBoldItalic.ttf in Resources */ = {isa = PBXBuildFile; fileRef = 3AF7719D619741CDBBA8F263 /* Inter-SemiBoldItalic.ttf */; };
		B6808B435B5243E898B3E7B5 /* Inter-Thin.ttf in Resources */ = {isa = PBXBuildFile; fileRef = 087B13498BEF4406887A837E /* Inter-Thin.ttf */; };
		70D7DEDE8F3C4D849987E07F /* Inter-ThinItalic.ttf in Resources */ = {isa = PBXBuildFile; fileRef = E91F2D05AA954B048CE33DD8 /* Inter-ThinItalic.ttf */; };
		D667EBA30A0A42D994422736 /* InterDisplay-Black.ttf in Resources */ = {isa = PBXBuildFile; fileRef = D90942EF077A449FA868FDA2 /* InterDisplay-Black.ttf */; };
		B75027F9D45344EEA646A441 /* InterDisplay-BlackItalic.ttf in Resources */ = {isa = PBXBuildFile; fileRef = 9EA19BC96E1146FD9A4FAAD0 /* InterDisplay-BlackItalic.ttf */; };
		B43B1F0792174172B494A568 /* InterDisplay-Bold.ttf in Resources */ = {isa = PBXBuildFile; fileRef = D4090A2D393F4C78B2DF9CA1 /* InterDisplay-Bold.ttf */; };
		FE26D047990943CC8FA2E218 /* InterDisplay-BoldItalic.ttf in Resources */ = {isa = PBXBuildFile; fileRef = 8B59EB92E5C34A27AF465DE9 /* InterDisplay-BoldItalic.ttf */; };
		F6BD868335434320A613B1DA /* InterDisplay-ExtraBold.ttf in Resources */ = {isa = PBXBuildFile; fileRef = 209C6E94C6E540CC8E4AA432 /* InterDisplay-ExtraBold.ttf */; };
		4FBFCE38A4874A21A2AE85A1 /* InterDisplay-ExtraBoldItalic.ttf in Resources */ = {isa = PBXBuildFile; fileRef = 3E7D4FDC5155408089248A94 /* InterDisplay-ExtraBoldItalic.ttf */; };
		8B076863CE2542C798923E33 /* InterDisplay-ExtraLight.ttf in Resources */ = {isa = PBXBuildFile; fileRef = B6DD5CA51D0C439192AEA570 /* InterDisplay-ExtraLight.ttf */; };
		AB46215DBEB041ED8126069F /* InterDisplay-ExtraLightItalic.ttf in Resources */ = {isa = PBXBuildFile; fileRef = F48495B5DCC54683A6F4E836 /* InterDisplay-ExtraLightItalic.ttf */; };
		9560BA4292A147E5AFFDF652 /* InterDisplay-Italic.ttf in Resources */ = {isa = PBXBuildFile; fileRef = 59F298D9347E42B7B0A8F8E8 /* InterDisplay-Italic.ttf */; };
		BD173BE346F04228BEB19C9B /* InterDisplay-Light.ttf in Resources */ = {isa = PBXBuildFile; fileRef = EF75929AB03A412E9C49BCAF /* InterDisplay-Light.ttf */; };
		FC67D2668F1A475BB0481C1F /* InterDisplay-LightItalic.ttf in Resources */ = {isa = PBXBuildFile; fileRef = D0E022CC3D014DD9BD0AA344 /* InterDisplay-LightItalic.ttf */; };
		189960C20603483BB5A5690E /* InterDisplay-Medium.ttf in Resources */ = {isa = PBXBuildFile; fileRef = 9C03E37E279F45B9916EEB00 /* InterDisplay-Medium.ttf */; };
		472359AD57B642548CB45D97 /* InterDisplay-MediumItalic.ttf in Resources */ = {isa = PBXBuildFile; fileRef = 4952905E61374FA78C0F8EA6 /* InterDisplay-MediumItalic.ttf */; };
		9B32113F5DD84D6DBF3939E1 /* InterDisplay-Regular.ttf in Resources */ = {isa = PBXBuildFile; fileRef = 8ECED14216CC4033AA10D3B5 /* InterDisplay-Regular.ttf */; };
		AF394F9A4FB84BFBA3ABBA4C /* InterDisplay-SemiBold.ttf in Resources */ = {isa = PBXBuildFile; fileRef = 13A80391C922477593096A74 /* InterDisplay-SemiBold.ttf */; };
		79734A5EDBA1424BA5A8AF92 /* InterDisplay-SemiBoldItalic.ttf in Resources */ = {isa = PBXBuildFile; fileRef = 999351B36419407598988882 /* InterDisplay-SemiBoldItalic.ttf */; };
		6AD202AE70314A588F5A8F93 /* InterDisplay-Thin.ttf in Resources */ = {isa = PBXBuildFile; fileRef = EC8CC58D41DC4316A00F1949 /* InterDisplay-Thin.ttf */; };
		C1D0F6CCA56B480A93BB320C /* InterDisplay-ThinItalic.ttf in Resources */ = {isa = PBXBuildFile; fileRef = 7AE55A887D8341DCA6586B7C /* InterDisplay-ThinItalic.ttf */; };
/* End PBXBuildFile section */

/* Begin PBXContainerItemProxy section */
		00E356F41AD99517003FC87E /* PBXContainerItemProxy */ = {
			isa = PBXContainerItemProxy;
			containerPortal = 83CBB9F71A601CBA00E9B192 /* Project object */;
			proxyType = 1;
			remoteGlobalIDString = 13B07F861A680F5B00A75B9A;
			remoteInfo = yumyarn;
		};
/* End PBXContainerItemProxy section */

/* Begin PBXFileReference section */
		00E356EE1AD99517003FC87E /* yumyarnTests.xctest */ = {isa = PBXFileReference; explicitFileType = wrapper.cfbundle; includeInIndex = 0; path = yumyarnTests.xctest; sourceTree = BUILT_PRODUCTS_DIR; };
		00E356F11AD99517003FC87E /* Info.plist */ = {isa = PBXFileReference; lastKnownFileType = text.plist.xml; path = Info.plist; sourceTree = "<group>"; };
		00E356F21AD99517003FC87E /* yumyarnTests.m */ = {isa = PBXFileReference; lastKnownFileType = sourcecode.c.objc; path = yumyarnTests.m; sourceTree = "<group>"; };
		13B07F961A680F5B00A75B9A /* yumyarn.app */ = {isa = PBXFileReference; explicitFileType = wrapper.application; includeInIndex = 0; path = yumyarn.app; sourceTree = BUILT_PRODUCTS_DIR; };
		13B07FAF1A68108700A75B9A /* AppDelegate.h */ = {isa = PBXFileReference; fileEncoding = 4; lastKnownFileType = sourcecode.c.h; name = AppDelegate.h; path = yumyarn/AppDelegate.h; sourceTree = "<group>"; };
		13B07FB01A68108700A75B9A /* AppDelegate.mm */ = {isa = PBXFileReference; fileEncoding = 4; lastKnownFileType = sourcecode.cpp.objcpp; name = AppDelegate.mm; path = yumyarn/AppDelegate.mm; sourceTree = "<group>"; };
		13B07FB51A68108700A75B9A /* Images.xcassets */ = {isa = PBXFileReference; lastKnownFileType = folder.assetcatalog; name = Images.xcassets; path = yumyarn/Images.xcassets; sourceTree = "<group>"; };
		13B07FB61A68108700A75B9A /* Info.plist */ = {isa = PBXFileReference; fileEncoding = 4; lastKnownFileType = text.plist.xml; name = Info.plist; path = yumyarn/Info.plist; sourceTree = "<group>"; };
		13B07FB71A68108700A75B9A /* main.m */ = {isa = PBXFileReference; fileEncoding = 4; lastKnownFileType = sourcecode.c.objc; name = main.m; path = yumyarn/main.m; sourceTree = "<group>"; };
		13B07FB81A68108700A75B9A /* PrivacyInfo.xcprivacy */ = {isa = PBXFileReference; fileEncoding = 4; lastKnownFileType = text.plist.xml; name = PrivacyInfo.xcprivacy; path = yumyarn/PrivacyInfo.xcprivacy; sourceTree = "<group>"; };
		19F6CBCC0A4E27FBF8BF4A61 /* libPods-yumyarn-yumyarnTests.a */ = {isa = PBXFileReference; explicitFileType = archive.ar; includeInIndex = 0; path = "libPods-yumyarn-yumyarnTests.a"; sourceTree = BUILT_PRODUCTS_DIR; };
		3B4392A12AC88292D35C810B /* Pods-yumyarn.debug.xcconfig */ = {isa = PBXFileReference; includeInIndex = 1; lastKnownFileType = text.xcconfig; name = "Pods-yumyarn.debug.xcconfig"; path = "Target Support Files/Pods-yumyarn/Pods-yumyarn.debug.xcconfig"; sourceTree = "<group>"; };
		5709B34CF0A7D63546082F79 /* Pods-yumyarn.release.xcconfig */ = {isa = PBXFileReference; includeInIndex = 1; lastKnownFileType = text.xcconfig; name = "Pods-yumyarn.release.xcconfig"; path = "Target Support Files/Pods-yumyarn/Pods-yumyarn.release.xcconfig"; sourceTree = "<group>"; };
		5B7EB9410499542E8C5724F5 /* Pods-yumyarn-yumyarnTests.debug.xcconfig */ = {isa = PBXFileReference; includeInIndex = 1; lastKnownFileType = text.xcconfig; name = "Pods-yumyarn-yumyarnTests.debug.xcconfig"; path = "Target Support Files/Pods-yumyarn-yumyarnTests/Pods-yumyarn-yumyarnTests.debug.xcconfig"; sourceTree = "<group>"; };
		5DCACB8F33CDC322A6C60F78 /* libPods-yumyarn.a */ = {isa = PBXFileReference; explicitFileType = archive.ar; includeInIndex = 0; path = "libPods-yumyarn.a"; sourceTree = BUILT_PRODUCTS_DIR; };
		81AB9BB72411601600AC10FF /* LaunchScreen.storyboard */ = {isa = PBXFileReference; fileEncoding = 4; lastKnownFileType = file.storyboard; name = LaunchScreen.storyboard; path = yumyarn/LaunchScreen.storyboard; sourceTree = "<group>"; };
		89C6BE57DB24E9ADA2F236DE /* Pods-yumyarn-yumyarnTests.release.xcconfig */ = {isa = PBXFileReference; includeInIndex = 1; lastKnownFileType = text.xcconfig; name = "Pods-yumyarn-yumyarnTests.release.xcconfig"; path = "Target Support Files/Pods-yumyarn-yumyarnTests/Pods-yumyarn-yumyarnTests.release.xcconfig"; sourceTree = "<group>"; };
		ED297162215061F000B7C4FE /* JavaScriptCore.framework */ = {isa = PBXFileReference; lastKnownFileType = wrapper.framework; name = JavaScriptCore.framework; path = System/Library/Frameworks/JavaScriptCore.framework; sourceTree = SDKROOT; };
		C94A20CE183D47D1BF5F410F /* Anton-Regular.ttf */ = {isa = PBXFileReference; name = "Anton-Regular.ttf"; path = "../assets/fonts/Anton-Regular.ttf"; sourceTree = "<group>"; fileEncoding = undefined; lastKnownFileType = unknown; explicitFileType = undefined; includeInIndex = 0; };
		EABC8F605A4B4D14BA0E44F7 /* BungeeInline-Regular.ttf */ = {isa = PBXFileReference; name = "BungeeInline-Regular.ttf"; path = "../assets/fonts/BungeeInline-Regular.ttf"; sourceTree = "<group>"; fileEncoding = undefined; lastKnownFileType = unknown; explicitFileType = undefined; includeInIndex = 0; };
		B70BFB0D7C6F4269B96CD57B /* Signika-Bold.ttf */ = {isa = PBXFileReference; name = "Signika-Bold.ttf"; path = "../assets/fonts/Signika-Bold.ttf"; sourceTree = "<group>"; fileEncoding = undefined; lastKnownFileType = unknown; explicitFileType = undefined; includeInIndex = 0; };
		E806589E41CF4353832B6462 /* Signika-Light.ttf */ = {isa = PBXFileReference; name = "Signika-Light.ttf"; path = "../assets/fonts/Signika-Light.ttf"; sourceTree = "<group>"; fileEncoding = undefined; lastKnownFileType = unknown; explicitFileType = undefined; includeInIndex = 0; };
		369C4CA3C90A4D57BC9232C2 /* Signika-Medium.ttf */ = {isa = PBXFileReference; name = "Signika-Medium.ttf"; path = "../assets/fonts/Signika-Medium.ttf"; sourceTree = "<group>"; fileEncoding = undefined; lastKnownFileType = unknown; explicitFileType = undefined; includeInIndex = 0; };
		2465578084A34C0A98FD87B2 /* Signika-Regular.ttf */ = {isa = PBXFileReference; name = "Signika-Regular.ttf"; path = "../assets/fonts/Signika-Regular.ttf"; sourceTree = "<group>"; fileEncoding = undefined; lastKnownFileType = unknown; explicitFileType = undefined; includeInIndex = 0; };
		6098123006AA478095948939 /* Signika-SemiBold.ttf */ = {isa = PBXFileReference; name = "Signika-SemiBold.ttf"; path = "../assets/fonts/Signika-SemiBold.ttf"; sourceTree = "<group>"; fileEncoding = undefined; lastKnownFileType = unknown; explicitFileType = undefined; includeInIndex = 0; };
		714BC62ECE4749989EB20A8A /* Inter-Black.ttf */ = {isa = PBXFileReference; name = "Inter-Black.ttf"; path = "../assets/fonts/Inter-Black.ttf"; sourceTree = "<group>"; fileEncoding = undefined; lastKnownFileType = unknown; explicitFileType = undefined; includeInIndex = 0; };
		F05A2164D62543E09BE93D25 /* Inter-BlackItalic.ttf */ = {isa = PBXFileReference; name = "Inter-BlackItalic.ttf"; path = "../assets/fonts/Inter-BlackItalic.ttf"; sourceTree = "<group>"; fileEncoding = undefined; lastKnownFileType = unknown; explicitFileType = undefined; includeInIndex = 0; };
		D5A18096FADD479F8F001856 /* Inter-Bold.ttf */ = {isa = PBXFileReference; name = "Inter-Bold.ttf"; path = "../assets/fonts/Inter-Bold.ttf"; sourceTree = "<group>"; fileEncoding = undefined; lastKnownFileType = unknown; explicitFileType = undefined; includeInIndex = 0; };
		9B5F810B0F8C4AFFBCADEA3B /* Inter-BoldItalic.ttf */ = {isa = PBXFileReference; name = "Inter-BoldItalic.ttf"; path = "../assets/fonts/Inter-BoldItalic.ttf"; sourceTree = "<group>"; fileEncoding = undefined; lastKnownFileType = unknown; explicitFileType = undefined; includeInIndex = 0; };
		E16FD0575981455AA9645E50 /* Inter-ExtraBold.ttf */ = {isa = PBXFileReference; name = "Inter-ExtraBold.ttf"; path = "../assets/fonts/Inter-ExtraBold.ttf"; sourceTree = "<group>"; fileEncoding = undefined; lastKnownFileType = unknown; explicitFileType = undefined; includeInIndex = 0; };
		029DC79CBF7C4BBABBFD24DF /* Inter-ExtraBoldItalic.ttf */ = {isa = PBXFileReference; name = "Inter-ExtraBoldItalic.ttf"; path = "../assets/fonts/Inter-ExtraBoldItalic.ttf"; sourceTree = "<group>"; fileEncoding = undefined; lastKnownFileType = unknown; explicitFileType = undefined; includeInIndex = 0; };
		09C3DA040D8E4D38ADF1A900 /* Inter-ExtraLight.ttf */ = {isa = PBXFileReference; name = "Inter-ExtraLight.ttf"; path = "../assets/fonts/Inter-ExtraLight.ttf"; sourceTree = "<group>"; fileEncoding = undefined; lastKnownFileType = unknown; explicitFileType = undefined; includeInIndex = 0; };
		C506681F35A24B90A09BAFFB /* Inter-ExtraLightItalic.ttf */ = {isa = PBXFileReference; name = "Inter-ExtraLightItalic.ttf"; path = "../assets/fonts/Inter-ExtraLightItalic.ttf"; sourceTree = "<group>"; fileEncoding = undefined; lastKnownFileType = unknown; explicitFileType = undefined; includeInIndex = 0; };
		F1F783A6B5E0430A97C5C6A1 /* Inter-Italic.ttf */ = {isa = PBXFileReference; name = "Inter-Italic.ttf"; path = "../assets/fonts/Inter-Italic.ttf"; sourceTree = "<group>"; fileEncoding = undefined; lastKnownFileType = unknown; explicitFileType = undefined; includeInIndex = 0; };
		F088F5BCC37C42D9A1EC3B86 /* Inter-Light.ttf */ = {isa = PBXFileReference; name = "Inter-Light.ttf"; path = "../assets/fonts/Inter-Light.ttf"; sourceTree = "<group>"; fileEncoding = undefined; lastKnownFileType = unknown; explicitFileType = undefined; includeInIndex = 0; };
		C051A616D9F849459B17D324 /* Inter-LightItalic.ttf */ = {isa = PBXFileReference; name = "Inter-LightItalic.ttf"; path = "../assets/fonts/Inter-LightItalic.ttf"; sourceTree = "<group>"; fileEncoding = undefined; lastKnownFileType = unknown; explicitFileType = undefined; includeInIndex = 0; };
		53B3AA6C13CA4D728F9576F7 /* Inter-Medium.ttf */ = {isa = PBXFileReference; name = "Inter-Medium.ttf"; path = "../assets/fonts/Inter-Medium.ttf"; sourceTree = "<group>"; fileEncoding = undefined; lastKnownFileType = unknown; explicitFileType = undefined; includeInIndex = 0; };
		D774BFC889234D128EECAC41 /* Inter-MediumItalic.ttf */ = {isa = PBXFileReference; name = "Inter-MediumItalic.ttf"; path = "../assets/fonts/Inter-MediumItalic.ttf"; sourceTree = "<group>"; fileEncoding = undefined; lastKnownFileType = unknown; explicitFileType = undefined; includeInIndex = 0; };
		A942007D6A67495B84AB8334 /* Inter-Regular.ttf */ = {isa = PBXFileReference; name = "Inter-Regular.ttf"; path = "../assets/fonts/Inter-Regular.ttf"; sourceTree = "<group>"; fileEncoding = undefined; lastKnownFileType = unknown; explicitFileType = undefined; includeInIndex = 0; };
		C675C8E5F93E4EE19BDA5594 /* Inter-SemiBold.ttf */ = {isa = PBXFileReference; name = "Inter-SemiBold.ttf"; path = "../assets/fonts/Inter-SemiBold.ttf"; sourceTree = "<group>"; fileEncoding = undefined; lastKnownFileType = unknown; explicitFileType = undefined; includeInIndex = 0; };
		3AF7719D619741CDBBA8F263 /* Inter-SemiBoldItalic.ttf */ = {isa = PBXFileReference; name = "Inter-SemiBoldItalic.ttf"; path = "../assets/fonts/Inter-SemiBoldItalic.ttf"; sourceTree = "<group>"; fileEncoding = undefined; lastKnownFileType = unknown; explicitFileType = undefined; includeInIndex = 0; };
		087B13498BEF4406887A837E /* Inter-Thin.ttf */ = {isa = PBXFileReference; name = "Inter-Thin.ttf"; path = "../assets/fonts/Inter-Thin.ttf"; sourceTree = "<group>"; fileEncoding = undefined; lastKnownFileType = unknown; explicitFileType = undefined; includeInIndex = 0; };
		E91F2D05AA954B048CE33DD8 /* Inter-ThinItalic.ttf */ = {isa = PBXFileReference; name = "Inter-ThinItalic.ttf"; path = "../assets/fonts/Inter-ThinItalic.ttf"; sourceTree = "<group>"; fileEncoding = undefined; lastKnownFileType = unknown; explicitFileType = undefined; includeInIndex = 0; };
		D90942EF077A449FA868FDA2 /* InterDisplay-Black.ttf */ = {isa = PBXFileReference; name = "InterDisplay-Black.ttf"; path = "../assets/fonts/InterDisplay-Black.ttf"; sourceTree = "<group>"; fileEncoding = undefined; lastKnownFileType = unknown; explicitFileType = undefined; includeInIndex = 0; };
		9EA19BC96E1146FD9A4FAAD0 /* InterDisplay-BlackItalic.ttf */ = {isa = PBXFileReference; name = "InterDisplay-BlackItalic.ttf"; path = "../assets/fonts/InterDisplay-BlackItalic.ttf"; sourceTree = "<group>"; fileEncoding = undefined; lastKnownFileType = unknown; explicitFileType = undefined; includeInIndex = 0; };
		D4090A2D393F4C78B2DF9CA1 /* InterDisplay-Bold.ttf */ = {isa = PBXFileReference; name = "InterDisplay-Bold.ttf"; path = "../assets/fonts/InterDisplay-Bold.ttf"; sourceTree = "<group>"; fileEncoding = undefined; lastKnownFileType = unknown; explicitFileType = undefined; includeInIndex = 0; };
		8B59EB92E5C34A27AF465DE9 /* InterDisplay-BoldItalic.ttf */ = {isa = PBXFileReference; name = "InterDisplay-BoldItalic.ttf"; path = "../assets/fonts/InterDisplay-BoldItalic.ttf"; sourceTree = "<group>"; fileEncoding = undefined; lastKnownFileType = unknown; explicitFileType = undefined; includeInIndex = 0; };
		209C6E94C6E540CC8E4AA432 /* InterDisplay-ExtraBold.ttf */ = {isa = PBXFileReference; name = "InterDisplay-ExtraBold.ttf"; path = "../assets/fonts/InterDisplay-ExtraBold.ttf"; sourceTree = "<group>"; fileEncoding = undefined; lastKnownFileType = unknown; explicitFileType = undefined; includeInIndex = 0; };
		3E7D4FDC5155408089248A94 /* InterDisplay-ExtraBoldItalic.ttf */ = {isa = PBXFileReference; name = "InterDisplay-ExtraBoldItalic.ttf"; path = "../assets/fonts/InterDisplay-ExtraBoldItalic.ttf"; sourceTree = "<group>"; fileEncoding = undefined; lastKnownFileType = unknown; explicitFileType = undefined; includeInIndex = 0; };
		B6DD5CA51D0C439192AEA570 /* InterDisplay-ExtraLight.ttf */ = {isa = PBXFileReference; name = "InterDisplay-ExtraLight.ttf"; path = "../assets/fonts/InterDisplay-ExtraLight.ttf"; sourceTree = "<group>"; fileEncoding = undefined; lastKnownFileType = unknown; explicitFileType = undefined; includeInIndex = 0; };
		F48495B5DCC54683A6F4E836 /* InterDisplay-ExtraLightItalic.ttf */ = {isa = PBXFileReference; name = "InterDisplay-ExtraLightItalic.ttf"; path = "../assets/fonts/InterDisplay-ExtraLightItalic.ttf"; sourceTree = "<group>"; fileEncoding = undefined; lastKnownFileType = unknown; explicitFileType = undefined; includeInIndex = 0; };
		59F298D9347E42B7B0A8F8E8 /* InterDisplay-Italic.ttf */ = {isa = PBXFileReference; name = "InterDisplay-Italic.ttf"; path = "../assets/fonts/InterDisplay-Italic.ttf"; sourceTree = "<group>"; fileEncoding = undefined; lastKnownFileType = unknown; explicitFileType = undefined; includeInIndex = 0; };
		EF75929AB03A412E9C49BCAF /* InterDisplay-Light.ttf */ = {isa = PBXFileReference; name = "InterDisplay-Light.ttf"; path = "../assets/fonts/InterDisplay-Light.ttf"; sourceTree = "<group>"; fileEncoding = undefined; lastKnownFileType = unknown; explicitFileType = undefined; includeInIndex = 0; };
		D0E022CC3D014DD9BD0AA344 /* InterDisplay-LightItalic.ttf */ = {isa = PBXFileReference; name = "InterDisplay-LightItalic.ttf"; path = "../assets/fonts/InterDisplay-LightItalic.ttf"; sourceTree = "<group>"; fileEncoding = undefined; lastKnownFileType = unknown; explicitFileType = undefined; includeInIndex = 0; };
		9C03E37E279F45B9916EEB00 /* InterDisplay-Medium.ttf */ = {isa = PBXFileReference; name = "InterDisplay-Medium.ttf"; path = "../assets/fonts/InterDisplay-Medium.ttf"; sourceTree = "<group>"; fileEncoding = undefined; lastKnownFileType = unknown; explicitFileType = undefined; includeInIndex = 0; };
		4952905E61374FA78C0F8EA6 /* InterDisplay-MediumItalic.ttf */ = {isa = PBXFileReference; name = "InterDisplay-MediumItalic.ttf"; path = "../assets/fonts/InterDisplay-MediumItalic.ttf"; sourceTree = "<group>"; fileEncoding = undefined; lastKnownFileType = unknown; explicitFileType = undefined; includeInIndex = 0; };
		8ECED14216CC4033AA10D3B5 /* InterDisplay-Regular.ttf */ = {isa = PBXFileReference; name = "InterDisplay-Regular.ttf"; path = "../assets/fonts/InterDisplay-Regular.ttf"; sourceTree = "<group>"; fileEncoding = undefined; lastKnownFileType = unknown; explicitFileType = undefined; includeInIndex = 0; };
		13A80391C922477593096A74 /* InterDisplay-SemiBold.ttf */ = {isa = PBXFileReference; name = "InterDisplay-SemiBold.ttf"; path = "../assets/fonts/InterDisplay-SemiBold.ttf"; sourceTree = "<group>"; fileEncoding = undefined; lastKnownFileType = unknown; explicitFileType = undefined; includeInIndex = 0; };
		999351B36419407598988882 /* InterDisplay-SemiBoldItalic.ttf */ = {isa = PBXFileReference; name = "InterDisplay-SemiBoldItalic.ttf"; path = "../assets/fonts/InterDisplay-SemiBoldItalic.ttf"; sourceTree = "<group>"; fileEncoding = undefined; lastKnownFileType = unknown; explicitFileType = undefined; includeInIndex = 0; };
		EC8CC58D41DC4316A00F1949 /* InterDisplay-Thin.ttf */ = {isa = PBXFileReference; name = "InterDisplay-Thin.ttf"; path = "../assets/fonts/InterDisplay-Thin.ttf"; sourceTree = "<group>"; fileEncoding = undefined; lastKnownFileType = unknown; explicitFileType = undefined; includeInIndex = 0; };
		7AE55A887D8341DCA6586B7C /* InterDisplay-ThinItalic.ttf */ = {isa = PBXFileReference; name = "InterDisplay-ThinItalic.ttf"; path = "../assets/fonts/InterDisplay-ThinItalic.ttf"; sourceTree = "<group>"; fileEncoding = undefined; lastKnownFileType = unknown; explicitFileType = undefined; includeInIndex = 0; };
/* End PBXFileReference section */

/* Begin PBXFrameworksBuildPhase section */
		00E356EB1AD99517003FC87E /* Frameworks */ = {
			isa = PBXFrameworksBuildPhase;
			buildActionMask = 2147483647;
			files = (
				7699B88040F8A987B510C191 /* libPods-yumyarn-yumyarnTests.a in Frameworks */,
			);
			runOnlyForDeploymentPostprocessing = 0;
		};
		13B07F8C1A680F5B00A75B9A /* Frameworks */ = {
			isa = PBXFrameworksBuildPhase;
			buildActionMask = 2147483647;
			files = (
				0C80B921A6F3F58F76C31292 /* libPods-yumyarn.a in Frameworks */,
			);
			runOnlyForDeploymentPostprocessing = 0;
		};
/* End PBXFrameworksBuildPhase section */

/* Begin PBXGroup section */
		00E356EF1AD99517003FC87E /* yumyarnTests */ = {
			isa = PBXGroup;
			children = (
				00E356F21AD99517003FC87E /* yumyarnTests.m */,
				00E356F01AD99517003FC87E /* Supporting Files */,
			);
			path = yumyarnTests;
			sourceTree = "<group>";
		};
		00E356F01AD99517003FC87E /* Supporting Files */ = {
			isa = PBXGroup;
			children = (
				00E356F11AD99517003FC87E /* Info.plist */,
			);
			name = "Supporting Files";
			sourceTree = "<group>";
		};
		13B07FAE1A68108700A75B9A /* yumyarn */ = {
			isa = PBXGroup;
			children = (
				13B07FAF1A68108700A75B9A /* AppDelegate.h */,
				13B07FB01A68108700A75B9A /* AppDelegate.mm */,
				13B07FB51A68108700A75B9A /* Images.xcassets */,
				13B07FB61A68108700A75B9A /* Info.plist */,
				81AB9BB72411601600AC10FF /* LaunchScreen.storyboard */,
				13B07FB71A68108700A75B9A /* main.m */,
				13B07FB81A68108700A75B9A /* PrivacyInfo.xcprivacy */,
			);
			name = yumyarn;
			sourceTree = "<group>";
		};
		2D16E6871FA4F8E400B85C8A /* Frameworks */ = {
			isa = PBXGroup;
			children = (
				ED297162215061F000B7C4FE /* JavaScriptCore.framework */,
				5DCACB8F33CDC322A6C60F78 /* libPods-yumyarn.a */,
				19F6CBCC0A4E27FBF8BF4A61 /* libPods-yumyarn-yumyarnTests.a */,
			);
			name = Frameworks;
			sourceTree = "<group>";
		};
		832341AE1AAA6A7D00B99B32 /* Libraries */ = {
			isa = PBXGroup;
			children = (
			);
			name = Libraries;
			sourceTree = "<group>";
		};
		83CBB9F61A601CBA00E9B192 = {
			isa = PBXGroup;
			children = (
				13B07FAE1A68108700A75B9A /* yumyarn */,
				832341AE1AAA6A7D00B99B32 /* Libraries */,
				00E356EF1AD99517003FC87E /* yumyarnTests */,
				83CBBA001A601CBA00E9B192 /* Products */,
				2D16E6871FA4F8E400B85C8A /* Frameworks */,
				BBD78D7AC51CEA395F1C20DB /* Pods */,
				1B0D341BED024C9F9132FE1A /* Resources */,
			);
			indentWidth = 2;
			sourceTree = "<group>";
			tabWidth = 2;
			usesTabs = 0;
		};
		83CBBA001A601CBA00E9B192 /* Products */ = {
			isa = PBXGroup;
			children = (
				13B07F961A680F5B00A75B9A /* yumyarn.app */,
				00E356EE1AD99517003FC87E /* yumyarnTests.xctest */,
			);
			name = Products;
			sourceTree = "<group>";
		};
		BBD78D7AC51CEA395F1C20DB /* Pods */ = {
			isa = PBXGroup;
			children = (
				3B4392A12AC88292D35C810B /* Pods-yumyarn.debug.xcconfig */,
				5709B34CF0A7D63546082F79 /* Pods-yumyarn.release.xcconfig */,
				5B7EB9410499542E8C5724F5 /* Pods-yumyarn-yumyarnTests.debug.xcconfig */,
				89C6BE57DB24E9ADA2F236DE /* Pods-yumyarn-yumyarnTests.release.xcconfig */,
			);
			path = Pods;
			sourceTree = "<group>";
		};
		1B0D341BED024C9F9132FE1A /* Resources */ = {
			isa = "PBXGroup";
			children = (
				C94A20CE183D47D1BF5F410F /* Anton-Regular.ttf */,
				EABC8F605A4B4D14BA0E44F7 /* BungeeInline-Regular.ttf */,
				B70BFB0D7C6F4269B96CD57B /* Signika-Bold.ttf */,
				E806589E41CF4353832B6462 /* Signika-Light.ttf */,
				369C4CA3C90A4D57BC9232C2 /* Signika-Medium.ttf */,
				2465578084A34C0A98FD87B2 /* Signika-Regular.ttf */,
				6098123006AA478095948939 /* Signika-SemiBold.ttf */,
				714BC62ECE4749989EB20A8A /* Inter-Black.ttf */,
				F05A2164D62543E09BE93D25 /* Inter-BlackItalic.ttf */,
				D5A18096FADD479F8F001856 /* Inter-Bold.ttf */,
				9B5F810B0F8C4AFFBCADEA3B /* Inter-BoldItalic.ttf */,
				E16FD0575981455AA9645E50 /* Inter-ExtraBold.ttf */,
				029DC79CBF7C4BBABBFD24DF /* Inter-ExtraBoldItalic.ttf */,
				09C3DA040D8E4D38ADF1A900 /* Inter-ExtraLight.ttf */,
				C506681F35A24B90A09BAFFB /* Inter-ExtraLightItalic.ttf */,
				F1F783A6B5E0430A97C5C6A1 /* Inter-Italic.ttf */,
				F088F5BCC37C42D9A1EC3B86 /* Inter-Light.ttf */,
				C051A616D9F849459B17D324 /* Inter-LightItalic.ttf */,
				53B3AA6C13CA4D728F9576F7 /* Inter-Medium.ttf */,
				D774BFC889234D128EECAC41 /* Inter-MediumItalic.ttf */,
				A942007D6A67495B84AB8334 /* Inter-Regular.ttf */,
				C675C8E5F93E4EE19BDA5594 /* Inter-SemiBold.ttf */,
				3AF7719D619741CDBBA8F263 /* Inter-SemiBoldItalic.ttf */,
				087B13498BEF4406887A837E /* Inter-Thin.ttf */,
				E91F2D05AA954B048CE33DD8 /* Inter-ThinItalic.ttf */,
				D90942EF077A449FA868FDA2 /* InterDisplay-Black.ttf */,
				9EA19BC96E1146FD9A4FAAD0 /* InterDisplay-BlackItalic.ttf */,
				D4090A2D393F4C78B2DF9CA1 /* InterDisplay-Bold.ttf */,
				8B59EB92E5C34A27AF465DE9 /* InterDisplay-BoldItalic.ttf */,
				209C6E94C6E540CC8E4AA432 /* InterDisplay-ExtraBold.ttf */,
				3E7D4FDC5155408089248A94 /* InterDisplay-ExtraBoldItalic.ttf */,
				B6DD5CA51D0C439192AEA570 /* InterDisplay-ExtraLight.ttf */,
				F48495B5DCC54683A6F4E836 /* InterDisplay-ExtraLightItalic.ttf */,
				59F298D9347E42B7B0A8F8E8 /* InterDisplay-Italic.ttf */,
				EF75929AB03A412E9C49BCAF /* InterDisplay-Light.ttf */,
				D0E022CC3D014DD9BD0AA344 /* InterDisplay-LightItalic.ttf */,
				9C03E37E279F45B9916EEB00 /* InterDisplay-Medium.ttf */,
				4952905E61374FA78C0F8EA6 /* InterDisplay-MediumItalic.ttf */,
				8ECED14216CC4033AA10D3B5 /* InterDisplay-Regular.ttf */,
				13A80391C922477593096A74 /* InterDisplay-SemiBold.ttf */,
				999351B36419407598988882 /* InterDisplay-SemiBoldItalic.ttf */,
				EC8CC58D41DC4316A00F1949 /* InterDisplay-Thin.ttf */,
				7AE55A887D8341DCA6586B7C /* InterDisplay-ThinItalic.ttf */,
			);
			name = Resources;
			sourceTree = "<group>";
			path = "";
		};
/* End PBXGroup section */

/* Begin PBXNativeTarget section */
		00E356ED1AD99517003FC87E /* yumyarnTests */ = {
			isa = PBXNativeTarget;
			buildConfigurationList = 00E357021AD99517003FC87E /* Build configuration list for PBXNativeTarget "yumyarnTests" */;
			buildPhases = (
				A55EABD7B0C7F3A422A6CC61 /* [CP] Check Pods Manifest.lock */,
				00E356EA1AD99517003FC87E /* Sources */,
				00E356EB1AD99517003FC87E /* Frameworks */,
				00E356EC1AD99517003FC87E /* Resources */,
				C59DA0FBD6956966B86A3779 /* [CP] Embed Pods Frameworks */,
				F6A41C54EA430FDDC6A6ED99 /* [CP] Copy Pods Resources */,
			);
			buildRules = (
			);
			dependencies = (
				00E356F51AD99517003FC87E /* PBXTargetDependency */,
			);
			name = yumyarnTests;
			productName = yumyarnTests;
			productReference = 00E356EE1AD99517003FC87E /* yumyarnTests.xctest */;
			productType = "com.apple.product-type.bundle.unit-test";
		};
		13B07F861A680F5B00A75B9A /* yumyarn */ = {
			isa = PBXNativeTarget;
			buildConfigurationList = 13B07F931A680F5B00A75B9A /* Build configuration list for PBXNativeTarget "yumyarn" */;
			buildPhases = (
				C38B50BA6285516D6DCD4F65 /* [CP] Check Pods Manifest.lock */,
				13B07F871A680F5B00A75B9A /* Sources */,
				13B07F8C1A680F5B00A75B9A /* Frameworks */,
				13B07F8E1A680F5B00A75B9A /* Resources */,
				00DD1BFF1BD5951E006B06BC /* Bundle React Native code and images */,
				00EEFC60759A1932668264C0 /* [CP] Embed Pods Frameworks */,
				E235C05ADACE081382539298 /* [CP] Copy Pods Resources */,
			);
			buildRules = (
			);
			dependencies = (
			);
			name = yumyarn;
			productName = yumyarn;
			productReference = 13B07F961A680F5B00A75B9A /* yumyarn.app */;
			productType = "com.apple.product-type.application";
		};
/* End PBXNativeTarget section */

/* Begin PBXProject section */
		83CBB9F71A601CBA00E9B192 /* Project object */ = {
			isa = PBXProject;
			attributes = {
				LastUpgradeCheck = 1210;
				TargetAttributes = {
					00E356ED1AD99517003FC87E = {
						CreatedOnToolsVersion = 6.2;
						TestTargetID = 13B07F861A680F5B00A75B9A;
					};
					13B07F861A680F5B00A75B9A = {
						LastSwiftMigration = 1120;
					};
				};
			};
			buildConfigurationList = 83CBB9FA1A601CBA00E9B192 /* Build configuration list for PBXProject "yumyarn" */;
			compatibilityVersion = "Xcode 12.0";
			developmentRegion = en;
			hasScannedForEncodings = 0;
			knownRegions = (
				en,
				Base,
			);
			mainGroup = 83CBB9F61A601CBA00E9B192;
			productRefGroup = 83CBBA001A601CBA00E9B192 /* Products */;
			projectDirPath = "";
			projectRoot = "";
			targets = (
				13B07F861A680F5B00A75B9A /* yumyarn */,
				00E356ED1AD99517003FC87E /* yumyarnTests */,
			);
		};
/* End PBXProject section */

/* Begin PBXResourcesBuildPhase section */
		00E356EC1AD99517003FC87E /* Resources */ = {
			isa = PBXResourcesBuildPhase;
			buildActionMask = 2147483647;
			files = (
			);
			runOnlyForDeploymentPostprocessing = 0;
		};
		13B07F8E1A680F5B00A75B9A /* Resources */ = {
			isa = PBXResourcesBuildPhase;
			buildActionMask = 2147483647;
			files = (
				81AB9BB82411601600AC10FF /* LaunchScreen.storyboard in Resources */,
				13B07FBF1A68108700A75B9A /* Images.xcassets in Resources */,
				14523C0519CE48BC9D28B13D /* Anton-Regular.ttf in Resources */,
				96A749160A1B403FAD455D43 /* BungeeInline-Regular.ttf in Resources */,
				CA573B6A9CF54106A9E319F8 /* Signika-Bold.ttf in Resources */,
				E187D0DB01224C2FB40572CC /* Signika-Light.ttf in Resources */,
				7668D905DF564CFD89CCEFCB /* Signika-Medium.ttf in Resources */,
				BEF28C13CE2448B1BB68ADFC /* Signika-Regular.ttf in Resources */,
				71550B21494A4B1880A29367 /* Signika-SemiBold.ttf in Resources */,
				7B5E236928854A6299CABAC6 /* Inter-Black.ttf in Resources */,
				599E7085B5D5450A8293FA3D /* Inter-BlackItalic.ttf in Resources */,
				E49908DB398549B3BF14E114 /* Inter-Bold.ttf in Resources */,
				E80E309263494F3385686B3E /* Inter-BoldItalic.ttf in Resources */,
				DFC12485E1EF4FF3BC42684C /* Inter-ExtraBold.ttf in Resources */,
				27686595E5D64259877184FD /* Inter-ExtraBoldItalic.ttf in Resources */,
				BE7A88E11E3D4A069383038E /* Inter-ExtraLight.ttf in Resources */,
				6340854E1F394078B8C42D9E /* Inter-ExtraLightItalic.ttf in Resources */,
				DAB0172E99954226A37F1FDA /* Inter-Italic.ttf in Resources */,
				5FD7CD321FDF425BB940A485 /* Inter-Light.ttf in Resources */,
				16C86E5DE4584E6EAA279EA2 /* Inter-LightItalic.ttf in Resources */,
				D7C869A25F404F498CCE42F3 /* Inter-Medium.ttf in Resources */,
				DEEA7D0482954B2D8F50D3D3 /* Inter-MediumItalic.ttf in Resources */,
				B41D602EDAB64D438CF6DAD2 /* Inter-Regular.ttf in Resources */,
				25F2F2C3DCFE450B81E5E8FB /* Inter-SemiBold.ttf in Resources */,
				0D624FF6A6E5437FBC6EB3D8 /* Inter-SemiBoldItalic.ttf in Resources */,
				B6808B435B5243E898B3E7B5 /* Inter-Thin.ttf in Resources */,
				70D7DEDE8F3C4D849987E07F /* Inter-ThinItalic.ttf in Resources */,
				D667EBA30A0A42D994422736 /* InterDisplay-Black.ttf in Resources */,
				B75027F9D45344EEA646A441 /* InterDisplay-BlackItalic.ttf in Resources */,
				B43B1F0792174172B494A568 /* InterDisplay-Bold.ttf in Resources */,
				FE26D047990943CC8FA2E218 /* InterDisplay-BoldItalic.ttf in Resources */,
				F6BD868335434320A613B1DA /* InterDisplay-ExtraBold.ttf in Resources */,
				4FBFCE38A4874A21A2AE85A1 /* InterDisplay-ExtraBoldItalic.ttf in Resources */,
				8B076863CE2542C798923E33 /* InterDisplay-ExtraLight.ttf in Resources */,
				AB46215DBEB041ED8126069F /* InterDisplay-ExtraLightItalic.ttf in Resources */,
				9560BA4292A147E5AFFDF652 /* InterDisplay-Italic.ttf in Resources */,
				BD173BE346F04228BEB19C9B /* InterDisplay-Light.ttf in Resources */,
				FC67D2668F1A475BB0481C1F /* InterDisplay-LightItalic.ttf in Resources */,
				189960C20603483BB5A5690E /* InterDisplay-Medium.ttf in Resources */,
				472359AD57B642548CB45D97 /* InterDisplay-MediumItalic.ttf in Resources */,
				9B32113F5DD84D6DBF3939E1 /* InterDisplay-Regular.ttf in Resources */,
				AF394F9A4FB84BFBA3ABBA4C /* InterDisplay-SemiBold.ttf in Resources */,
				79734A5EDBA1424BA5A8AF92 /* InterDisplay-SemiBoldItalic.ttf in Resources */,
				6AD202AE70314A588F5A8F93 /* InterDisplay-Thin.ttf in Resources */,
				C1D0F6CCA56B480A93BB320C /* InterDisplay-ThinItalic.ttf in Resources */,
			);
			runOnlyForDeploymentPostprocessing = 0;
		};
/* End PBXResourcesBuildPhase section */

/* Begin PBXShellScriptBuildPhase section */
		00DD1BFF1BD5951E006B06BC /* Bundle React Native code and images */ = {
			isa = PBXShellScriptBuildPhase;
			buildActionMask = 2147483647;
			files = (
			);
			inputPaths = (
				"$(SRCROOT)/.xcode.env.local",
				"$(SRCROOT)/.xcode.env",
			);
			name = "Bundle React Native code and images";
			outputPaths = (
			);
			runOnlyForDeploymentPostprocessing = 0;
			shellPath = /bin/sh;
			shellScript = "set -e\n\nWITH_ENVIRONMENT=\"$REACT_NATIVE_PATH/scripts/xcode/with-environment.sh\"\nREACT_NATIVE_XCODE=\"$REACT_NATIVE_PATH/scripts/react-native-xcode.sh\"\n\n/bin/sh -c \"$WITH_ENVIRONMENT $REACT_NATIVE_XCODE\"\n";
		};
		00EEFC60759A1932668264C0 /* [CP] Embed Pods Frameworks */ = {
			isa = PBXShellScriptBuildPhase;
			buildActionMask = 2147483647;
			files = (
			);
			inputFileListPaths = (
				"${PODS_ROOT}/Target Support Files/Pods-yumyarn/Pods-yumyarn-frameworks-${CONFIGURATION}-input-files.xcfilelist",
			);
			name = "[CP] Embed Pods Frameworks";
			outputFileListPaths = (
				"${PODS_ROOT}/Target Support Files/Pods-yumyarn/Pods-yumyarn-frameworks-${CONFIGURATION}-output-files.xcfilelist",
			);
			runOnlyForDeploymentPostprocessing = 0;
			shellPath = /bin/sh;
			shellScript = "\"${PODS_ROOT}/Target Support Files/Pods-yumyarn/Pods-yumyarn-frameworks.sh\"\n";
			showEnvVarsInLog = 0;
		};
		A55EABD7B0C7F3A422A6CC61 /* [CP] Check Pods Manifest.lock */ = {
			isa = PBXShellScriptBuildPhase;
			buildActionMask = 2147483647;
			files = (
			);
			inputFileListPaths = (
			);
			inputPaths = (
				"${PODS_PODFILE_DIR_PATH}/Podfile.lock",
				"${PODS_ROOT}/Manifest.lock",
			);
			name = "[CP] Check Pods Manifest.lock";
			outputFileListPaths = (
			);
			outputPaths = (
				"$(DERIVED_FILE_DIR)/Pods-yumyarn-yumyarnTests-checkManifestLockResult.txt",
			);
			runOnlyForDeploymentPostprocessing = 0;
			shellPath = /bin/sh;
			shellScript = "diff \"${PODS_PODFILE_DIR_PATH}/Podfile.lock\" \"${PODS_ROOT}/Manifest.lock\" > /dev/null\nif [ $? != 0 ] ; then\n    # print error to STDERR\n    echo \"error: The sandbox is not in sync with the Podfile.lock. Run 'pod install' or update your CocoaPods installation.\" >&2\n    exit 1\nfi\n# This output is used by Xcode 'outputs' to avoid re-running this script phase.\necho \"SUCCESS\" > \"${SCRIPT_OUTPUT_FILE_0}\"\n";
			showEnvVarsInLog = 0;
		};
		C38B50BA6285516D6DCD4F65 /* [CP] Check Pods Manifest.lock */ = {
			isa = PBXShellScriptBuildPhase;
			buildActionMask = 2147483647;
			files = (
			);
			inputFileListPaths = (
			);
			inputPaths = (
				"${PODS_PODFILE_DIR_PATH}/Podfile.lock",
				"${PODS_ROOT}/Manifest.lock",
			);
			name = "[CP] Check Pods Manifest.lock";
			outputFileListPaths = (
			);
			outputPaths = (
				"$(DERIVED_FILE_DIR)/Pods-yumyarn-checkManifestLockResult.txt",
			);
			runOnlyForDeploymentPostprocessing = 0;
			shellPath = /bin/sh;
			shellScript = "diff \"${PODS_PODFILE_DIR_PATH}/Podfile.lock\" \"${PODS_ROOT}/Manifest.lock\" > /dev/null\nif [ $? != 0 ] ; then\n    # print error to STDERR\n    echo \"error: The sandbox is not in sync with the Podfile.lock. Run 'pod install' or update your CocoaPods installation.\" >&2\n    exit 1\nfi\n# This output is used by Xcode 'outputs' to avoid re-running this script phase.\necho \"SUCCESS\" > \"${SCRIPT_OUTPUT_FILE_0}\"\n";
			showEnvVarsInLog = 0;
		};
		C59DA0FBD6956966B86A3779 /* [CP] Embed Pods Frameworks */ = {
			isa = PBXShellScriptBuildPhase;
			buildActionMask = 2147483647;
			files = (
			);
			inputFileListPaths = (
				"${PODS_ROOT}/Target Support Files/Pods-yumyarn-yumyarnTests/Pods-yumyarn-yumyarnTests-frameworks-${CONFIGURATION}-input-files.xcfilelist",
			);
			name = "[CP] Embed Pods Frameworks";
			outputFileListPaths = (
				"${PODS_ROOT}/Target Support Files/Pods-yumyarn-yumyarnTests/Pods-yumyarn-yumyarnTests-frameworks-${CONFIGURATION}-output-files.xcfilelist",
			);
			runOnlyForDeploymentPostprocessing = 0;
			shellPath = /bin/sh;
			shellScript = "\"${PODS_ROOT}/Target Support Files/Pods-yumyarn-yumyarnTests/Pods-yumyarn-yumyarnTests-frameworks.sh\"\n";
			showEnvVarsInLog = 0;
		};
		E235C05ADACE081382539298 /* [CP] Copy Pods Resources */ = {
			isa = PBXShellScriptBuildPhase;
			buildActionMask = 2147483647;
			files = (
			);
			inputFileListPaths = (
				"${PODS_ROOT}/Target Support Files/Pods-yumyarn/Pods-yumyarn-resources-${CONFIGURATION}-input-files.xcfilelist",
			);
			name = "[CP] Copy Pods Resources";
			outputFileListPaths = (
				"${PODS_ROOT}/Target Support Files/Pods-yumyarn/Pods-yumyarn-resources-${CONFIGURATION}-output-files.xcfilelist",
			);
			runOnlyForDeploymentPostprocessing = 0;
			shellPath = /bin/sh;
			shellScript = "\"${PODS_ROOT}/Target Support Files/Pods-yumyarn/Pods-yumyarn-resources.sh\"\n";
			showEnvVarsInLog = 0;
		};
		F6A41C54EA430FDDC6A6ED99 /* [CP] Copy Pods Resources */ = {
			isa = PBXShellScriptBuildPhase;
			buildActionMask = 2147483647;
			files = (
			);
			inputFileListPaths = (
				"${PODS_ROOT}/Target Support Files/Pods-yumyarn-yumyarnTests/Pods-yumyarn-yumyarnTests-resources-${CONFIGURATION}-input-files.xcfilelist",
			);
			name = "[CP] Copy Pods Resources";
			outputFileListPaths = (
				"${PODS_ROOT}/Target Support Files/Pods-yumyarn-yumyarnTests/Pods-yumyarn-yumyarnTests-resources-${CONFIGURATION}-output-files.xcfilelist",
			);
			runOnlyForDeploymentPostprocessing = 0;
			shellPath = /bin/sh;
			shellScript = "\"${PODS_ROOT}/Target Support Files/Pods-yumyarn-yumyarnTests/Pods-yumyarn-yumyarnTests-resources.sh\"\n";
			showEnvVarsInLog = 0;
		};
/* End PBXShellScriptBuildPhase section */

/* Begin PBXSourcesBuildPhase section */
		00E356EA1AD99517003FC87E /* Sources */ = {
			isa = PBXSourcesBuildPhase;
			buildActionMask = 2147483647;
			files = (
				00E356F31AD99517003FC87E /* yumyarnTests.m in Sources */,
			);
			runOnlyForDeploymentPostprocessing = 0;
		};
		13B07F871A680F5B00A75B9A /* Sources */ = {
			isa = PBXSourcesBuildPhase;
			buildActionMask = 2147483647;
			files = (
				13B07FBC1A68108700A75B9A /* AppDelegate.mm in Sources */,
				13B07FC11A68108700A75B9A /* main.m in Sources */,
			);
			runOnlyForDeploymentPostprocessing = 0;
		};
/* End PBXSourcesBuildPhase section */

/* Begin PBXTargetDependency section */
		00E356F51AD99517003FC87E /* PBXTargetDependency */ = {
			isa = PBXTargetDependency;
			target = 13B07F861A680F5B00A75B9A /* yumyarn */;
			targetProxy = 00E356F41AD99517003FC87E /* PBXContainerItemProxy */;
		};
/* End PBXTargetDependency section */

/* Begin XCBuildConfiguration section */
		00E356F61AD99517003FC87E /* Debug */ = {
			isa = XCBuildConfiguration;
			baseConfigurationReference = 5B7EB9410499542E8C5724F5 /* Pods-yumyarn-yumyarnTests.debug.xcconfig */;
			buildSettings = {
				BUNDLE_LOADER = "$(TEST_HOST)";
				GCC_PREPROCESSOR_DEFINITIONS = (
					"DEBUG=1",
					"$(inherited)",
				);
				INFOPLIST_FILE = yumyarnTests/Info.plist;
				IPHONEOS_DEPLOYMENT_TARGET = 13.4;
				LD_RUNPATH_SEARCH_PATHS = (
					"$(inherited)",
					"@executable_path/Frameworks",
					"@loader_path/Frameworks",
				);
				OTHER_LDFLAGS = (
					"-ObjC",
					"-lc++",
					"$(inherited)",
				);
				PRODUCT_BUNDLE_IDENTIFIER = "org.reactjs.native.example.$(PRODUCT_NAME:rfc1034identifier)";
				PRODUCT_NAME = "$(TARGET_NAME)";
				TEST_HOST = "$(BUILT_PRODUCTS_DIR)/yumyarn.app/yumyarn";
			};
			name = Debug;
		};
		00E356F71AD99517003FC87E /* Release */ = {
			isa = XCBuildConfiguration;
			baseConfigurationReference = 89C6BE57DB24E9ADA2F236DE /* Pods-yumyarn-yumyarnTests.release.xcconfig */;
			buildSettings = {
				BUNDLE_LOADER = "$(TEST_HOST)";
				COPY_PHASE_STRIP = NO;
				INFOPLIST_FILE = yumyarnTests/Info.plist;
				IPHONEOS_DEPLOYMENT_TARGET = 13.4;
				LD_RUNPATH_SEARCH_PATHS = (
					"$(inherited)",
					"@executable_path/Frameworks",
					"@loader_path/Frameworks",
				);
				OTHER_LDFLAGS = (
					"-ObjC",
					"-lc++",
					"$(inherited)",
				);
				PRODUCT_BUNDLE_IDENTIFIER = "org.reactjs.native.example.$(PRODUCT_NAME:rfc1034identifier)";
				PRODUCT_NAME = "$(TARGET_NAME)";
				TEST_HOST = "$(BUILT_PRODUCTS_DIR)/yumyarn.app/yumyarn";
			};
			name = Release;
		};
		13B07F941A680F5B00A75B9A /* Debug */ = {
			isa = XCBuildConfiguration;
			baseConfigurationReference = 3B4392A12AC88292D35C810B /* Pods-yumyarn.debug.xcconfig */;
			buildSettings = {
				ASSETCATALOG_COMPILER_APPICON_NAME = AppIcon;
				CLANG_ENABLE_MODULES = YES;
				CURRENT_PROJECT_VERSION = 1;
				ENABLE_BITCODE = NO;
				INFOPLIST_FILE = yumyarn/Info.plist;
				LD_RUNPATH_SEARCH_PATHS = (
					"$(inherited)",
					"@executable_path/Frameworks",
				);
				MARKETING_VERSION = 1.0;
				OTHER_LDFLAGS = (
					"$(inherited)",
					"-ObjC",
					"-lc++",
				);
				PRODUCT_BUNDLE_IDENTIFIER = "org.reactjs.native.example.$(PRODUCT_NAME:rfc1034identifier)";
				PRODUCT_NAME = yumyarn;
				SWIFT_OPTIMIZATION_LEVEL = "-Onone";
				SWIFT_VERSION = 5.0;
				VERSIONING_SYSTEM = "apple-generic";
			};
			name = Debug;
		};
		13B07F951A680F5B00A75B9A /* Release */ = {
			isa = XCBuildConfiguration;
			baseConfigurationReference = 5709B34CF0A7D63546082F79 /* Pods-yumyarn.release.xcconfig */;
			buildSettings = {
				ASSETCATALOG_COMPILER_APPICON_NAME = AppIcon;
				CLANG_ENABLE_MODULES = YES;
				CURRENT_PROJECT_VERSION = 1;
				INFOPLIST_FILE = yumyarn/Info.plist;
				LD_RUNPATH_SEARCH_PATHS = (
					"$(inherited)",
					"@executable_path/Frameworks",
				);
				MARKETING_VERSION = 1.0;
				OTHER_LDFLAGS = (
					"$(inherited)",
					"-ObjC",
					"-lc++",
				);
				PRODUCT_BUNDLE_IDENTIFIER = "org.reactjs.native.example.$(PRODUCT_NAME:rfc1034identifier)";
				PRODUCT_NAME = yumyarn;
				SWIFT_VERSION = 5.0;
				VERSIONING_SYSTEM = "apple-generic";
			};
			name = Release;
		};
		83CBBA201A601CBA00E9B192 /* Debug */ = {
			isa = XCBuildConfiguration;
			buildSettings = {
				ALWAYS_SEARCH_USER_PATHS = NO;
				CLANG_ANALYZER_LOCALIZABILITY_NONLOCALIZED = YES;
				CLANG_CXX_LANGUAGE_STANDARD = "c++20";
				CLANG_CXX_LIBRARY = "libc++";
				CLANG_ENABLE_MODULES = YES;
				CLANG_ENABLE_OBJC_ARC = YES;
				CLANG_WARN_BLOCK_CAPTURE_AUTORELEASING = YES;
				CLANG_WARN_BOOL_CONVERSION = YES;
				CLANG_WARN_COMMA = YES;
				CLANG_WARN_CONSTANT_CONVERSION = YES;
				CLANG_WARN_DEPRECATED_OBJC_IMPLEMENTATIONS = YES;
				CLANG_WARN_DIRECT_OBJC_ISA_USAGE = YES_ERROR;
				CLANG_WARN_EMPTY_BODY = YES;
				CLANG_WARN_ENUM_CONVERSION = YES;
				CLANG_WARN_INFINITE_RECURSION = YES;
				CLANG_WARN_INT_CONVERSION = YES;
				CLANG_WARN_NON_LITERAL_NULL_CONVERSION = YES;
				CLANG_WARN_OBJC_IMPLICIT_RETAIN_SELF = YES;
				CLANG_WARN_OBJC_LITERAL_CONVERSION = YES;
				CLANG_WARN_OBJC_ROOT_CLASS = YES_ERROR;
				CLANG_WARN_QUOTED_INCLUDE_IN_FRAMEWORK_HEADER = YES;
				CLANG_WARN_RANGE_LOOP_ANALYSIS = YES;
				CLANG_WARN_STRICT_PROTOTYPES = YES;
				CLANG_WARN_SUSPICIOUS_MOVE = YES;
				CLANG_WARN_UNREACHABLE_CODE = YES;
				CLANG_WARN__DUPLICATE_METHOD_MATCH = YES;
				"CODE_SIGN_IDENTITY[sdk=iphoneos*]" = "iPhone Developer";
				COPY_PHASE_STRIP = NO;
				ENABLE_STRICT_OBJC_MSGSEND = YES;
				ENABLE_TESTABILITY = YES;
				"EXCLUDED_ARCHS[sdk=iphonesimulator*]" = "";
				GCC_C_LANGUAGE_STANDARD = gnu99;
				GCC_DYNAMIC_NO_PIC = NO;
				GCC_NO_COMMON_BLOCKS = YES;
				GCC_OPTIMIZATION_LEVEL = 0;
				GCC_PREPROCESSOR_DEFINITIONS = (
					"DEBUG=1",
					"$(inherited)",
				);
				GCC_SYMBOLS_PRIVATE_EXTERN = NO;
				GCC_WARN_64_TO_32_BIT_CONVERSION = YES;
				GCC_WARN_ABOUT_RETURN_TYPE = YES_ERROR;
				GCC_WARN_UNDECLARED_SELECTOR = YES;
				GCC_WARN_UNINITIALIZED_AUTOS = YES_AGGRESSIVE;
				GCC_WARN_UNUSED_FUNCTION = YES;
				GCC_WARN_UNUSED_VARIABLE = YES;
				IPHONEOS_DEPLOYMENT_TARGET = 13.4;
				LD_RUNPATH_SEARCH_PATHS = (
					/usr/lib/swift,
					"$(inherited)",
				);
				LIBRARY_SEARCH_PATHS = (
					"\"$(SDKROOT)/usr/lib/swift\"",
					"\"$(TOOLCHAIN_DIR)/usr/lib/swift/$(PLATFORM_NAME)\"",
					"\"$(inherited)\"",
				);
				MTL_ENABLE_DEBUG_INFO = YES;
				ONLY_ACTIVE_ARCH = YES;
				OTHER_CPLUSPLUSFLAGS = (
					"$(OTHER_CFLAGS)",
					"-DFOLLY_NO_CONFIG",
					"-DFOLLY_MOBILE=1",
					"-DFOLLY_USE_LIBCPP=1",
					"-DFOLLY_CFG_NO_COROUTINES=1",
					"-DFOLLY_HAVE_CLOCK_GETTIME=1",
				);
				SDKROOT = iphoneos;
			};
			name = Debug;
		};
		83CBBA211A601CBA00E9B192 /* Release */ = {
			isa = XCBuildConfiguration;
			buildSettings = {
				ALWAYS_SEARCH_USER_PATHS = NO;
				CLANG_ANALYZER_LOCALIZABILITY_NONLOCALIZED = YES;
				CLANG_CXX_LANGUAGE_STANDARD = "c++20";
				CLANG_CXX_LIBRARY = "libc++";
				CLANG_ENABLE_MODULES = YES;
				CLANG_ENABLE_OBJC_ARC = YES;
				CLANG_WARN_BLOCK_CAPTURE_AUTORELEASING = YES;
				CLANG_WARN_BOOL_CONVERSION = YES;
				CLANG_WARN_COMMA = YES;
				CLANG_WARN_CONSTANT_CONVERSION = YES;
				CLANG_WARN_DEPRECATED_OBJC_IMPLEMENTATIONS = YES;
				CLANG_WARN_DIRECT_OBJC_ISA_USAGE = YES_ERROR;
				CLANG_WARN_EMPTY_BODY = YES;
				CLANG_WARN_ENUM_CONVERSION = YES;
				CLANG_WARN_INFINITE_RECURSION = YES;
				CLANG_WARN_INT_CONVERSION = YES;
				CLANG_WARN_NON_LITERAL_NULL_CONVERSION = YES;
				CLANG_WARN_OBJC_IMPLICIT_RETAIN_SELF = YES;
				CLANG_WARN_OBJC_LITERAL_CONVERSION = YES;
				CLANG_WARN_OBJC_ROOT_CLASS = YES_ERROR;
				CLANG_WARN_QUOTED_INCLUDE_IN_FRAMEWORK_HEADER = YES;
				CLANG_WARN_RANGE_LOOP_ANALYSIS = YES;
				CLANG_WARN_STRICT_PROTOTYPES = YES;
				CLANG_WARN_SUSPICIOUS_MOVE = YES;
				CLANG_WARN_UNREACHABLE_CODE = YES;
				CLANG_WARN__DUPLICATE_METHOD_MATCH = YES;
				"CODE_SIGN_IDENTITY[sdk=iphoneos*]" = "iPhone Developer";
				COPY_PHASE_STRIP = YES;
				ENABLE_NS_ASSERTIONS = NO;
				ENABLE_STRICT_OBJC_MSGSEND = YES;
				"EXCLUDED_ARCHS[sdk=iphonesimulator*]" = "";
				GCC_C_LANGUAGE_STANDARD = gnu99;
				GCC_NO_COMMON_BLOCKS = YES;
				GCC_WARN_64_TO_32_BIT_CONVERSION = YES;
				GCC_WARN_ABOUT_RETURN_TYPE = YES_ERROR;
				GCC_WARN_UNDECLARED_SELECTOR = YES;
				GCC_WARN_UNINITIALIZED_AUTOS = YES_AGGRESSIVE;
				GCC_WARN_UNUSED_FUNCTION = YES;
				GCC_WARN_UNUSED_VARIABLE = YES;
				IPHONEOS_DEPLOYMENT_TARGET = 13.4;
				LD_RUNPATH_SEARCH_PATHS = (
					/usr/lib/swift,
					"$(inherited)",
				);
				LIBRARY_SEARCH_PATHS = (
					"\"$(SDKROOT)/usr/lib/swift\"",
					"\"$(TOOLCHAIN_DIR)/usr/lib/swift/$(PLATFORM_NAME)\"",
					"\"$(inherited)\"",
				);
				MTL_ENABLE_DEBUG_INFO = NO;
				OTHER_CPLUSPLUSFLAGS = (
					"$(OTHER_CFLAGS)",
					"-DFOLLY_NO_CONFIG",
					"-DFOLLY_MOBILE=1",
					"-DFOLLY_USE_LIBCPP=1",
					"-DFOLLY_CFG_NO_COROUTINES=1",
					"-DFOLLY_HAVE_CLOCK_GETTIME=1",
				);
				SDKROOT = iphoneos;
				VALIDATE_PRODUCT = YES;
			};
			name = Release;
		};
/* End XCBuildConfiguration section */

/* Begin XCConfigurationList section */
		00E357021AD99517003FC87E /* Build configuration list for PBXNativeTarget "yumyarnTests" */ = {
			isa = XCConfigurationList;
			buildConfigurations = (
				00E356F61AD99517003FC87E /* Debug */,
				00E356F71AD99517003FC87E /* Release */,
			);
			defaultConfigurationIsVisible = 0;
			defaultConfigurationName = Release;
		};
		13B07F931A680F5B00A75B9A /* Build configuration list for PBXNativeTarget "yumyarn" */ = {
			isa = XCConfigurationList;
			buildConfigurations = (
				13B07F941A680F5B00A75B9A /* Debug */,
				13B07F951A680F5B00A75B9A /* Release */,
			);
			defaultConfigurationIsVisible = 0;
			defaultConfigurationName = Release;
		};
		83CBB9FA1A601CBA00E9B192 /* Build configuration list for PBXProject "yumyarn" */ = {
			isa = XCConfigurationList;
			buildConfigurations = (
				83CBBA201A601CBA00E9B192 /* Debug */,
				83CBBA211A601CBA00E9B192 /* Release */,
			);
			defaultConfigurationIsVisible = 0;
			defaultConfigurationName = Release;
		};
/* End XCConfigurationList section */
	};
	rootObject = 83CBB9F71A601CBA00E9B192 /* Project object */;
}
